// !$*UTF8*$!
{
	archiveVersion = 1;
	classes = {
	};
	objectVersion = 46;
	objects = {

/* Begin PBXBuildFile section */
		DC2B093F1F1FEB50008F1BD6 /* SegmentedControlTableViewCell.swift in Sources */ = {isa = PBXBuildFile; fileRef = DC2B093E1F1FEB50008F1BD6 /* SegmentedControlTableViewCell.swift */; };
		DC4C8AA71F27205B006423B7 /* SegmentedControl.xib in Resources */ = {isa = PBXBuildFile; fileRef = DC4C8AA61F27205B006423B7 /* SegmentedControl.xib */; };
		DC4C8AA91F2724C4006423B7 /* SegmentedControl.swift in Sources */ = {isa = PBXBuildFile; fileRef = DC4C8AA81F2724C4006423B7 /* SegmentedControl.swift */; };
		DC4C8AB11F275051006423B7 /* ActivityIndicator.swift in Sources */ = {isa = PBXBuildFile; fileRef = DC4C8AB01F275051006423B7 /* ActivityIndicator.swift */; };
		DC4F2C5C1F24942A004BD129 /* ErrorView.swift in Sources */ = {isa = PBXBuildFile; fileRef = DC4F2C5B1F24942A004BD129 /* ErrorView.swift */; };
		DC4F85241F10327F00A05586 /* AppDelegate.swift in Sources */ = {isa = PBXBuildFile; fileRef = DC4F85231F10327F00A05586 /* AppDelegate.swift */; };
		DC4F85291F10327F00A05586 /* Main.storyboard in Resources */ = {isa = PBXBuildFile; fileRef = DC4F85271F10327F00A05586 /* Main.storyboard */; };
		DC4F852C1F10327F00A05586 /* Cursometr.xcdatamodeld in Sources */ = {isa = PBXBuildFile; fileRef = DC4F852A1F10327F00A05586 /* Cursometr.xcdatamodeld */; };
		DC4F85311F10327F00A05586 /* LaunchScreen.storyboard in Resources */ = {isa = PBXBuildFile; fileRef = DC4F852F1F10327F00A05586 /* LaunchScreen.storyboard */; };
		DC7377F81F26142500136DA2 /* ApiURL.swift in Sources */ = {isa = PBXBuildFile; fileRef = DC7377F71F26142500136DA2 /* ApiURL.swift */; };
		DC7377FA1F26157400136DA2 /* Typealias.swift in Sources */ = {isa = PBXBuildFile; fileRef = DC7377F91F26157400136DA2 /* Typealias.swift */; };
		DC744EB41F1D10A400C45B31 /* PageViewContoller.swift in Sources */ = {isa = PBXBuildFile; fileRef = DC744EB31F1D10A400C45B31 /* PageViewContoller.swift */; };
		DC746D721F18D9C9004641CE /* TextView.swift in Sources */ = {isa = PBXBuildFile; fileRef = DC746D711F18D9C9004641CE /* TextView.swift */; };
		DC746D741F18E034004641CE /* Constants.swift in Sources */ = {isa = PBXBuildFile; fileRef = DC746D731F18E034004641CE /* Constants.swift */; };
		DC83ADB41F1F6BBA00908007 /* Notification.swift in Sources */ = {isa = PBXBuildFile; fileRef = DC83ADB31F1F6BBA00908007 /* Notification.swift */; };
		DC861AB31F226EE500B0E40E /* ViewController.swift in Sources */ = {isa = PBXBuildFile; fileRef = DC861AB21F226EE500B0E40E /* ViewController.swift */; };
		DC892BC51F17516200A7723E /* CheckBox.swift in Sources */ = {isa = PBXBuildFile; fileRef = DC892BC41F17516200A7723E /* CheckBox.swift */; };
		DC8C60541F1B50C200779F28 /* ChooseCurrencyViewController.swift in Sources */ = {isa = PBXBuildFile; fileRef = DC8C60531F1B50C200779F28 /* ChooseCurrencyViewController.swift */; };
		DC8C60581F1B528F00779F28 /* ChooseCurrencyTableViewCell.swift in Sources */ = {isa = PBXBuildFile; fileRef = DC8C60571F1B528F00779F28 /* ChooseCurrencyTableViewCell.swift */; };
		DC8FC94F1F1FC7C700AE5D3E /* SetNotificationsViewController.swift in Sources */ = {isa = PBXBuildFile; fileRef = DC8FC94E1F1FC7C700AE5D3E /* SetNotificationsViewController.swift */; };
		DC8FC9511F1FC82A00AE5D3E /* ChangeCostTableViewCell.swift in Sources */ = {isa = PBXBuildFile; fileRef = DC8FC9501F1FC82A00AE5D3E /* ChangeCostTableViewCell.swift */; };
		DC8FC9551F1FC91900AE5D3E /* SwitchCostTableViewCell.swift in Sources */ = {isa = PBXBuildFile; fileRef = DC8FC9541F1FC91900AE5D3E /* SwitchCostTableViewCell.swift */; };
		DC901F311F19232200A28D3A /* QuotationsViewController.swift in Sources */ = {isa = PBXBuildFile; fileRef = DC901F301F19232200A28D3A /* QuotationsViewController.swift */; };
		DC901F331F19233F00A28D3A /* QuotationsTableViewCell.swift in Sources */ = {isa = PBXBuildFile; fileRef = DC901F321F19233F00A28D3A /* QuotationsTableViewCell.swift */; };
		DC953A751F1CBE8B008FB250 /* TableView.swift in Sources */ = {isa = PBXBuildFile; fileRef = DC953A741F1CBE8B008FB250 /* TableView.swift */; };
		DC953A771F1CC16F008FB250 /* NetworkController.swift in Sources */ = {isa = PBXBuildFile; fileRef = DC953A761F1CC16F008FB250 /* NetworkController.swift */; };
		DC9D0B021F163444009C5CBE /* Price.swift in Sources */ = {isa = PBXBuildFile; fileRef = DC9D0B011F163444009C5CBE /* Price.swift */; };
		DC9D0B041F163677009C5CBE /* BankDetailsTableViewHeaderCell.swift in Sources */ = {isa = PBXBuildFile; fileRef = DC9D0B031F163677009C5CBE /* BankDetailsTableViewHeaderCell.swift */; };
		DC9FB9891F1561F900E1111E /* SubjectFeedbackViewController.swift in Sources */ = {isa = PBXBuildFile; fileRef = DC9FB9881F1561F900E1111E /* SubjectFeedbackViewController.swift */; };
		DC9FB98B1F15650A00E1111E /* SubjectFeedbackTableViewCell.swift in Sources */ = {isa = PBXBuildFile; fileRef = DC9FB98A1F15650A00E1111E /* SubjectFeedbackTableViewCell.swift */; };
		DC9FE2121F27807400348D61 /* CornerRadiusView.swift in Sources */ = {isa = PBXBuildFile; fileRef = DC9FE2111F27807400348D61 /* CornerRadiusView.swift */; };
		DCA20C6C1F22129600E50334 /* AddPriceViewController.swift in Sources */ = {isa = PBXBuildFile; fileRef = DCA20C6B1F22129600E50334 /* AddPriceViewController.swift */; };
		DCA2D51A1F12117600F44DA2 /* BankDetailsTableViewCell.swift in Sources */ = {isa = PBXBuildFile; fileRef = DCA2D5191F12117600F44DA2 /* BankDetailsTableViewCell.swift */; };
		DCA2D51C1F12182600F44DA2 /* BankDetailsTableViewController.swift in Sources */ = {isa = PBXBuildFile; fileRef = DCA2D51B1F12182600F44DA2 /* BankDetailsTableViewController.swift */; };
		DCA932361F1A160100355435 /* SourcesFeedback.swift in Sources */ = {isa = PBXBuildFile; fileRef = DCA932351F1A160100355435 /* SourcesFeedback.swift */; };
		DCAA311A1F210421008CB1E7 /* SetNotificationsTableViewHeader.swift in Sources */ = {isa = PBXBuildFile; fileRef = DCAA31191F210421008CB1E7 /* SetNotificationsTableViewHeader.swift */; };
		DCAD9CB31F12CB770051D209 /* LeaveFeedbackViewController.swift in Sources */ = {isa = PBXBuildFile; fileRef = DCAD9CB21F12CB770051D209 /* LeaveFeedbackViewController.swift */; };
		DCAFEE421F115E7400263C7B /* Assets.xcassets in Resources */ = {isa = PBXBuildFile; fileRef = DCAFEE411F115E7400263C7B /* Assets.xcassets */; };
		DCBF4AB81F14ACC500A8AA8E /* Currency.swift in Sources */ = {isa = PBXBuildFile; fileRef = DCBF4AB71F14ACC500A8AA8E /* Currency.swift */; };
		DCBF4ABA1F14AE9100A8AA8E /* Exchange.swift in Sources */ = {isa = PBXBuildFile; fileRef = DCBF4AB91F14AE9100A8AA8E /* Exchange.swift */; };
		DCC183AB1F10D5CF009A6ABC /* ItemViewController.swift in Sources */ = {isa = PBXBuildFile; fileRef = DCC183AA1F10D5CF009A6ABC /* ItemViewController.swift */; };
		DCF190021F1E0F3800A51499 /* CurrencySubscriptionService.swift in Sources */ = {isa = PBXBuildFile; fileRef = DCF190011F1E0F3800A51499 /* CurrencySubscriptionService.swift */; };
		DCF190051F1E13C600A51499 /* CurrencyListService.swift in Sources */ = {isa = PBXBuildFile; fileRef = DCF190041F1E13C600A51499 /* CurrencyListService.swift */; };
		DCF190091F1E156400A51499 /* SendFeedbackService.swift in Sources */ = {isa = PBXBuildFile; fileRef = DCF190081F1E156400A51499 /* SendFeedbackService.swift */; };
		DCFD6A261F13EDEE00E8FACD /* AuthorizationService.swift in Sources */ = {isa = PBXBuildFile; fileRef = DCFD6A251F13EDEE00E8FACD /* AuthorizationService.swift */; };
/* End PBXBuildFile section */

/* Begin PBXFileReference section */
		DC2B093E1F1FEB50008F1BD6 /* SegmentedControlTableViewCell.swift */ = {isa = PBXFileReference; fileEncoding = 4; lastKnownFileType = sourcecode.swift; path = SegmentedControlTableViewCell.swift; sourceTree = "<group>"; };
		DC4C8AA61F27205B006423B7 /* SegmentedControl.xib */ = {isa = PBXFileReference; fileEncoding = 4; lastKnownFileType = file.xib; path = SegmentedControl.xib; sourceTree = "<group>"; };
		DC4C8AA81F2724C4006423B7 /* SegmentedControl.swift */ = {isa = PBXFileReference; fileEncoding = 4; lastKnownFileType = sourcecode.swift; path = SegmentedControl.swift; sourceTree = "<group>"; };
		DC4C8AB01F275051006423B7 /* ActivityIndicator.swift */ = {isa = PBXFileReference; fileEncoding = 4; lastKnownFileType = sourcecode.swift; path = ActivityIndicator.swift; sourceTree = "<group>"; };
		DC4F2C5B1F24942A004BD129 /* ErrorView.swift */ = {isa = PBXFileReference; fileEncoding = 4; lastKnownFileType = sourcecode.swift; path = ErrorView.swift; sourceTree = "<group>"; };
		DC4F85201F10327F00A05586 /* Cursometr.app */ = {isa = PBXFileReference; explicitFileType = wrapper.application; includeInIndex = 0; path = Cursometr.app; sourceTree = BUILT_PRODUCTS_DIR; };
		DC4F85231F10327F00A05586 /* AppDelegate.swift */ = {isa = PBXFileReference; lastKnownFileType = sourcecode.swift; path = AppDelegate.swift; sourceTree = "<group>"; };
		DC4F85281F10327F00A05586 /* Base */ = {isa = PBXFileReference; lastKnownFileType = file.storyboard; name = Base; path = Base.lproj/Main.storyboard; sourceTree = "<group>"; };
		DC4F852B1F10327F00A05586 /* Cursometr.xcdatamodel */ = {isa = PBXFileReference; lastKnownFileType = wrapper.xcdatamodel; path = Cursometr.xcdatamodel; sourceTree = "<group>"; };
		DC4F85301F10327F00A05586 /* Base */ = {isa = PBXFileReference; lastKnownFileType = file.storyboard; name = Base; path = Base.lproj/LaunchScreen.storyboard; sourceTree = "<group>"; };
		DC4F85321F10327F00A05586 /* Info.plist */ = {isa = PBXFileReference; lastKnownFileType = text.plist.xml; path = Info.plist; sourceTree = "<group>"; };
		DC7377F71F26142500136DA2 /* ApiURL.swift */ = {isa = PBXFileReference; fileEncoding = 4; lastKnownFileType = sourcecode.swift; path = ApiURL.swift; sourceTree = "<group>"; };
		DC7377F91F26157400136DA2 /* Typealias.swift */ = {isa = PBXFileReference; fileEncoding = 4; lastKnownFileType = sourcecode.swift; path = Typealias.swift; sourceTree = "<group>"; };
		DC744EB31F1D10A400C45B31 /* PageViewContoller.swift */ = {isa = PBXFileReference; fileEncoding = 4; lastKnownFileType = sourcecode.swift; path = PageViewContoller.swift; sourceTree = "<group>"; };
		DC746D711F18D9C9004641CE /* TextView.swift */ = {isa = PBXFileReference; fileEncoding = 4; lastKnownFileType = sourcecode.swift; path = TextView.swift; sourceTree = "<group>"; };
		DC746D731F18E034004641CE /* Constants.swift */ = {isa = PBXFileReference; fileEncoding = 4; lastKnownFileType = sourcecode.swift; path = Constants.swift; sourceTree = "<group>"; };
		DC83ADB31F1F6BBA00908007 /* Notification.swift */ = {isa = PBXFileReference; fileEncoding = 4; lastKnownFileType = sourcecode.swift; path = Notification.swift; sourceTree = "<group>"; };
		DC861AB21F226EE500B0E40E /* ViewController.swift */ = {isa = PBXFileReference; fileEncoding = 4; lastKnownFileType = sourcecode.swift; path = ViewController.swift; sourceTree = "<group>"; };
		DC892BC41F17516200A7723E /* CheckBox.swift */ = {isa = PBXFileReference; fileEncoding = 4; lastKnownFileType = sourcecode.swift; path = CheckBox.swift; sourceTree = "<group>"; };
		DC8C60531F1B50C200779F28 /* ChooseCurrencyViewController.swift */ = {isa = PBXFileReference; fileEncoding = 4; lastKnownFileType = sourcecode.swift; path = ChooseCurrencyViewController.swift; sourceTree = "<group>"; };
		DC8C60571F1B528F00779F28 /* ChooseCurrencyTableViewCell.swift */ = {isa = PBXFileReference; fileEncoding = 4; lastKnownFileType = sourcecode.swift; path = ChooseCurrencyTableViewCell.swift; sourceTree = "<group>"; };
		DC8FC94E1F1FC7C700AE5D3E /* SetNotificationsViewController.swift */ = {isa = PBXFileReference; fileEncoding = 4; lastKnownFileType = sourcecode.swift; path = SetNotificationsViewController.swift; sourceTree = "<group>"; };
		DC8FC9501F1FC82A00AE5D3E /* ChangeCostTableViewCell.swift */ = {isa = PBXFileReference; fileEncoding = 4; lastKnownFileType = sourcecode.swift; path = ChangeCostTableViewCell.swift; sourceTree = "<group>"; };
		DC8FC9541F1FC91900AE5D3E /* SwitchCostTableViewCell.swift */ = {isa = PBXFileReference; fileEncoding = 4; lastKnownFileType = sourcecode.swift; path = SwitchCostTableViewCell.swift; sourceTree = "<group>"; };
		DC901F301F19232200A28D3A /* QuotationsViewController.swift */ = {isa = PBXFileReference; fileEncoding = 4; lastKnownFileType = sourcecode.swift; path = QuotationsViewController.swift; sourceTree = "<group>"; };
		DC901F321F19233F00A28D3A /* QuotationsTableViewCell.swift */ = {isa = PBXFileReference; fileEncoding = 4; lastKnownFileType = sourcecode.swift; path = QuotationsTableViewCell.swift; sourceTree = "<group>"; };
		DC953A741F1CBE8B008FB250 /* TableView.swift */ = {isa = PBXFileReference; fileEncoding = 4; lastKnownFileType = sourcecode.swift; path = TableView.swift; sourceTree = "<group>"; };
		DC953A761F1CC16F008FB250 /* NetworkController.swift */ = {isa = PBXFileReference; fileEncoding = 4; lastKnownFileType = sourcecode.swift; path = NetworkController.swift; sourceTree = "<group>"; };
		DC9D0B011F163444009C5CBE /* Price.swift */ = {isa = PBXFileReference; fileEncoding = 4; lastKnownFileType = sourcecode.swift; path = Price.swift; sourceTree = "<group>"; };
		DC9D0B031F163677009C5CBE /* BankDetailsTableViewHeaderCell.swift */ = {isa = PBXFileReference; fileEncoding = 4; lastKnownFileType = sourcecode.swift; path = BankDetailsTableViewHeaderCell.swift; sourceTree = "<group>"; };
		DC9FB9881F1561F900E1111E /* SubjectFeedbackViewController.swift */ = {isa = PBXFileReference; fileEncoding = 4; lastKnownFileType = sourcecode.swift; path = SubjectFeedbackViewController.swift; sourceTree = "<group>"; };
		DC9FB98A1F15650A00E1111E /* SubjectFeedbackTableViewCell.swift */ = {isa = PBXFileReference; fileEncoding = 4; lastKnownFileType = sourcecode.swift; path = SubjectFeedbackTableViewCell.swift; sourceTree = "<group>"; };
		DC9FE2111F27807400348D61 /* CornerRadiusView.swift */ = {isa = PBXFileReference; fileEncoding = 4; lastKnownFileType = sourcecode.swift; path = CornerRadiusView.swift; sourceTree = "<group>"; };
		DCA20C6B1F22129600E50334 /* AddPriceViewController.swift */ = {isa = PBXFileReference; fileEncoding = 4; lastKnownFileType = sourcecode.swift; path = AddPriceViewController.swift; sourceTree = "<group>"; };
		DCA2D5191F12117600F44DA2 /* BankDetailsTableViewCell.swift */ = {isa = PBXFileReference; fileEncoding = 4; lastKnownFileType = sourcecode.swift; path = BankDetailsTableViewCell.swift; sourceTree = "<group>"; };
		DCA2D51B1F12182600F44DA2 /* BankDetailsTableViewController.swift */ = {isa = PBXFileReference; fileEncoding = 4; lastKnownFileType = sourcecode.swift; path = BankDetailsTableViewController.swift; sourceTree = "<group>"; };
		DCA932351F1A160100355435 /* SourcesFeedback.swift */ = {isa = PBXFileReference; fileEncoding = 4; lastKnownFileType = sourcecode.swift; path = SourcesFeedback.swift; sourceTree = "<group>"; };
		DCAA31191F210421008CB1E7 /* SetNotificationsTableViewHeader.swift */ = {isa = PBXFileReference; fileEncoding = 4; lastKnownFileType = sourcecode.swift; path = SetNotificationsTableViewHeader.swift; sourceTree = "<group>"; };
		DCAD9CB21F12CB770051D209 /* LeaveFeedbackViewController.swift */ = {isa = PBXFileReference; fileEncoding = 4; lastKnownFileType = sourcecode.swift; path = LeaveFeedbackViewController.swift; sourceTree = "<group>"; };
		DCAFEE411F115E7400263C7B /* Assets.xcassets */ = {isa = PBXFileReference; lastKnownFileType = folder.assetcatalog; path = Assets.xcassets; sourceTree = "<group>"; };
		DCBF4AB71F14ACC500A8AA8E /* Currency.swift */ = {isa = PBXFileReference; fileEncoding = 4; lastKnownFileType = sourcecode.swift; path = Currency.swift; sourceTree = "<group>"; };
		DCBF4AB91F14AE9100A8AA8E /* Exchange.swift */ = {isa = PBXFileReference; fileEncoding = 4; lastKnownFileType = sourcecode.swift; path = Exchange.swift; sourceTree = "<group>"; };
		DCC183AA1F10D5CF009A6ABC /* ItemViewController.swift */ = {isa = PBXFileReference; fileEncoding = 4; lastKnownFileType = sourcecode.swift; path = ItemViewController.swift; sourceTree = "<group>"; };
		DCF190011F1E0F3800A51499 /* CurrencySubscriptionService.swift */ = {isa = PBXFileReference; fileEncoding = 4; lastKnownFileType = sourcecode.swift; path = CurrencySubscriptionService.swift; sourceTree = "<group>"; };
		DCF190041F1E13C600A51499 /* CurrencyListService.swift */ = {isa = PBXFileReference; fileEncoding = 4; lastKnownFileType = sourcecode.swift; path = CurrencyListService.swift; sourceTree = "<group>"; };
		DCF190081F1E156400A51499 /* SendFeedbackService.swift */ = {isa = PBXFileReference; fileEncoding = 4; lastKnownFileType = sourcecode.swift; path = SendFeedbackService.swift; sourceTree = "<group>"; };
		DCFD6A251F13EDEE00E8FACD /* AuthorizationService.swift */ = {isa = PBXFileReference; fileEncoding = 4; lastKnownFileType = sourcecode.swift; path = AuthorizationService.swift; sourceTree = "<group>"; };
/* End PBXFileReference section */

/* Begin PBXFrameworksBuildPhase section */
		DC4F851D1F10327F00A05586 /* Frameworks */ = {
			isa = PBXFrameworksBuildPhase;
			buildActionMask = 2147483647;
			files = (
			);
			runOnlyForDeploymentPostprocessing = 0;
		};
/* End PBXFrameworksBuildPhase section */

/* Begin PBXGroup section */
		DC4F85171F10327E00A05586 = {
			isa = PBXGroup;
			children = (
				DC4F85221F10327F00A05586 /* Cursometr */,
				DC4F85271F10327F00A05586 /* Main.storyboard */,
				DC4F85211F10327F00A05586 /* Products */,
			);
			sourceTree = "<group>";
		};
		DC4F85211F10327F00A05586 /* Products */ = {
			isa = PBXGroup;
			children = (
				DC4F85201F10327F00A05586 /* Cursometr.app */,
			);
			name = Products;
			sourceTree = "<group>";
		};
		DC4F85221F10327F00A05586 /* Cursometr */ = {
			isa = PBXGroup;
			children = (
				DCAD9CB11F12C4430051D209 /* Application */,
				DC953A731F1CBE7B008FB250 /* Extensions */,
				DCF190001F1E0F1100A51499 /* NetworkService */,
				DCFD6A241F13EDAE00E8FACD /* Model */,
				DCAD9CB01F12C4150051D209 /* View */,
				DCAD9CAF1F12C36F0051D209 /* View controller */,
				DC746D731F18E034004641CE /* Constants.swift */,
				DC7377F91F26157400136DA2 /* Typealias.swift */,
			);
			path = Cursometr;
			sourceTree = "<group>";
		};
		DC8FC9521F1FC83900AE5D3E /* Cell */ = {
			isa = PBXGroup;
			children = (
				DC901F321F19233F00A28D3A /* QuotationsTableViewCell.swift */,
				DC8FC9501F1FC82A00AE5D3E /* ChangeCostTableViewCell.swift */,
				DCA2D5191F12117600F44DA2 /* BankDetailsTableViewCell.swift */,
				DC9FB98A1F15650A00E1111E /* SubjectFeedbackTableViewCell.swift */,
				DC9D0B031F163677009C5CBE /* BankDetailsTableViewHeaderCell.swift */,
				DC8C60571F1B528F00779F28 /* ChooseCurrencyTableViewCell.swift */,
				DC8FC9541F1FC91900AE5D3E /* SwitchCostTableViewCell.swift */,
				DC2B093E1F1FEB50008F1BD6 /* SegmentedControlTableViewCell.swift */,
			);
			name = Cell;
			sourceTree = "<group>";
		};
		DC953A731F1CBE7B008FB250 /* Extensions */ = {
			isa = PBXGroup;
			children = (
				DC953A741F1CBE8B008FB250 /* TableView.swift */,
				DC83ADB31F1F6BBA00908007 /* Notification.swift */,
				DC861AB21F226EE500B0E40E /* ViewController.swift */,
			);
			name = Extensions;
			sourceTree = "<group>";
		};
		DCAD9CAF1F12C36F0051D209 /* View controller */ = {
			isa = PBXGroup;
			children = (
				DC744EB31F1D10A400C45B31 /* PageViewContoller.swift */,
				DCC183AA1F10D5CF009A6ABC /* ItemViewController.swift */,
				DCA2D51B1F12182600F44DA2 /* BankDetailsTableViewController.swift */,
				DCAD9CB21F12CB770051D209 /* LeaveFeedbackViewController.swift */,
				DC9FB9881F1561F900E1111E /* SubjectFeedbackViewController.swift */,
				DC901F301F19232200A28D3A /* QuotationsViewController.swift */,
				DC8C60531F1B50C200779F28 /* ChooseCurrencyViewController.swift */,
				DC8FC94E1F1FC7C700AE5D3E /* SetNotificationsViewController.swift */,
				DCA20C6B1F22129600E50334 /* AddPriceViewController.swift */,
			);
			name = "View controller";
			sourceTree = "<group>";
		};
		DCAD9CB01F12C4150051D209 /* View */ = {
			isa = PBXGroup;
			children = (
				DC8FC9521F1FC83900AE5D3E /* Cell */,
				DC892BC41F17516200A7723E /* CheckBox.swift */,
				DC746D711F18D9C9004641CE /* TextView.swift */,
				DCAA31191F210421008CB1E7 /* SetNotificationsTableViewHeader.swift */,
				DC4F2C5B1F24942A004BD129 /* ErrorView.swift */,
				DC4C8AA61F27205B006423B7 /* SegmentedControl.xib */,
				DC4C8AA81F2724C4006423B7 /* SegmentedControl.swift */,
				DC4C8AB01F275051006423B7 /* ActivityIndicator.swift */,
				DC9FE2111F27807400348D61 /* CornerRadiusView.swift */,
			);
			name = View;
			sourceTree = "<group>";
		};
		DCAD9CB11F12C4430051D209 /* Application */ = {
			isa = PBXGroup;
			children = (
				DCAFEE411F115E7400263C7B /* Assets.xcassets */,
				DC4F85231F10327F00A05586 /* AppDelegate.swift */,
				DC4F852F1F10327F00A05586 /* LaunchScreen.storyboard */,
				DC4F85321F10327F00A05586 /* Info.plist */,
				DC4F852A1F10327F00A05586 /* Cursometr.xcdatamodeld */,
			);
			name = Application;
			sourceTree = "<group>";
		};
		DCF190001F1E0F1100A51499 /* NetworkService */ = {
			isa = PBXGroup;
			children = (
				DCFD6A251F13EDEE00E8FACD /* AuthorizationService.swift */,
				DC7377F71F26142500136DA2 /* ApiURL.swift */,
				DC953A761F1CC16F008FB250 /* NetworkController.swift */,
				DCF190011F1E0F3800A51499 /* CurrencySubscriptionService.swift */,
				DCF190041F1E13C600A51499 /* CurrencyListService.swift */,
				DCF190081F1E156400A51499 /* SendFeedbackService.swift */,
			);
			name = NetworkService;
			sourceTree = "<group>";
		};
		DCFD6A241F13EDAE00E8FACD /* Model */ = {
			isa = PBXGroup;
			children = (
				DCBF4AB71F14ACC500A8AA8E /* Currency.swift */,
				DCBF4AB91F14AE9100A8AA8E /* Exchange.swift */,
				DC9D0B011F163444009C5CBE /* Price.swift */,
				DCA932351F1A160100355435 /* SourcesFeedback.swift */,
			);
			name = Model;
			sourceTree = "<group>";
		};
/* End PBXGroup section */

/* Begin PBXNativeTarget section */
		DC4F851F1F10327F00A05586 /* Cursometr */ = {
			isa = PBXNativeTarget;
			buildConfigurationList = DC4F85351F10327F00A05586 /* Build configuration list for PBXNativeTarget "Cursometr" */;
			buildPhases = (
				DC4F851C1F10327F00A05586 /* Sources */,
				DC4F851D1F10327F00A05586 /* Frameworks */,
				DC4F851E1F10327F00A05586 /* Resources */,
			);
			buildRules = (
			);
			dependencies = (
			);
			name = Cursometr;
			productName = Cursometr;
			productReference = DC4F85201F10327F00A05586 /* Cursometr.app */;
			productType = "com.apple.product-type.application";
		};
/* End PBXNativeTarget section */

/* Begin PBXProject section */
		DC4F85181F10327E00A05586 /* Project object */ = {
			isa = PBXProject;
			attributes = {
				LastSwiftUpdateCheck = 0830;
				LastUpgradeCheck = 0830;
				ORGANIZATIONNAME = iMacAir;
				TargetAttributes = {
					DC4F851F1F10327F00A05586 = {
						CreatedOnToolsVersion = 8.3.3;
						DevelopmentTeam = RJA87JMM57;
						ProvisioningStyle = Automatic;
					};
				};
			};
			buildConfigurationList = DC4F851B1F10327E00A05586 /* Build configuration list for PBXProject "Cursometr" */;
			compatibilityVersion = "Xcode 3.2";
			developmentRegion = English;
			hasScannedForEncodings = 0;
			knownRegions = (
				en,
				Base,
			);
			mainGroup = DC4F85171F10327E00A05586;
			productRefGroup = DC4F85211F10327F00A05586 /* Products */;
			projectDirPath = "";
			projectRoot = "";
			targets = (
				DC4F851F1F10327F00A05586 /* Cursometr */,
			);
		};
/* End PBXProject section */

/* Begin PBXResourcesBuildPhase section */
		DC4F851E1F10327F00A05586 /* Resources */ = {
			isa = PBXResourcesBuildPhase;
			buildActionMask = 2147483647;
			files = (
				DC4F85311F10327F00A05586 /* LaunchScreen.storyboard in Resources */,
				DCAFEE421F115E7400263C7B /* Assets.xcassets in Resources */,
				DC4F85291F10327F00A05586 /* Main.storyboard in Resources */,
				DC4C8AA71F27205B006423B7 /* SegmentedControl.xib in Resources */,
			);
			runOnlyForDeploymentPostprocessing = 0;
		};
/* End PBXResourcesBuildPhase section */

/* Begin PBXSourcesBuildPhase section */
		DC4F851C1F10327F00A05586 /* Sources */ = {
			isa = PBXSourcesBuildPhase;
			buildActionMask = 2147483647;
			files = (
				DCF190091F1E156400A51499 /* SendFeedbackService.swift in Sources */,
				DC8FC94F1F1FC7C700AE5D3E /* SetNotificationsViewController.swift in Sources */,
				DCA20C6C1F22129600E50334 /* AddPriceViewController.swift in Sources */,
				DCBF4AB81F14ACC500A8AA8E /* Currency.swift in Sources */,
				DCF190021F1E0F3800A51499 /* CurrencySubscriptionService.swift in Sources */,
				DC8C60541F1B50C200779F28 /* ChooseCurrencyViewController.swift in Sources */,
				DC2B093F1F1FEB50008F1BD6 /* SegmentedControlTableViewCell.swift in Sources */,
				DCA932361F1A160100355435 /* SourcesFeedback.swift in Sources */,
				DC7377F81F26142500136DA2 /* ApiURL.swift in Sources */,
				DC901F311F19232200A28D3A /* QuotationsViewController.swift in Sources */,
				DCA2D51C1F12182600F44DA2 /* BankDetailsTableViewController.swift in Sources */,
				DC8FC9551F1FC91900AE5D3E /* SwitchCostTableViewCell.swift in Sources */,
				DC4F852C1F10327F00A05586 /* Cursometr.xcdatamodeld in Sources */,
				DCC183AB1F10D5CF009A6ABC /* ItemViewController.swift in Sources */,
				DC7377FA1F26157400136DA2 /* Typealias.swift in Sources */,
				DC744EB41F1D10A400C45B31 /* PageViewContoller.swift in Sources */,
				DC4C8AB11F275051006423B7 /* ActivityIndicator.swift in Sources */,
				DCF190051F1E13C600A51499 /* CurrencyListService.swift in Sources */,
				DC4C8AA91F2724C4006423B7 /* SegmentedControl.swift in Sources */,
				DCAD9CB31F12CB770051D209 /* LeaveFeedbackViewController.swift in Sources */,
				DC953A771F1CC16F008FB250 /* NetworkController.swift in Sources */,
				DC9FE2121F27807400348D61 /* CornerRadiusView.swift in Sources */,
				DC901F331F19233F00A28D3A /* QuotationsTableViewCell.swift in Sources */,
				DC861AB31F226EE500B0E40E /* ViewController.swift in Sources */,
				DC9D0B041F163677009C5CBE /* BankDetailsTableViewHeaderCell.swift in Sources */,
				DC4F2C5C1F24942A004BD129 /* ErrorView.swift in Sources */,
				DC9FB98B1F15650A00E1111E /* SubjectFeedbackTableViewCell.swift in Sources */,
				DCA2D51A1F12117600F44DA2 /* BankDetailsTableViewCell.swift in Sources */,
				DC9FB9891F1561F900E1111E /* SubjectFeedbackViewController.swift in Sources */,
				DC953A751F1CBE8B008FB250 /* TableView.swift in Sources */,
				DC746D721F18D9C9004641CE /* TextView.swift in Sources */,
				DC9D0B021F163444009C5CBE /* Price.swift in Sources */,
				DC83ADB41F1F6BBA00908007 /* Notification.swift in Sources */,
				DC8C60581F1B528F00779F28 /* ChooseCurrencyTableViewCell.swift in Sources */,
				DC8FC9511F1FC82A00AE5D3E /* ChangeCostTableViewCell.swift in Sources */,
				DC892BC51F17516200A7723E /* CheckBox.swift in Sources */,
				DC4F85241F10327F00A05586 /* AppDelegate.swift in Sources */,
				DCBF4ABA1F14AE9100A8AA8E /* Exchange.swift in Sources */,
				DCFD6A261F13EDEE00E8FACD /* AuthorizationService.swift in Sources */,
				DCAA311A1F210421008CB1E7 /* SetNotificationsTableViewHeader.swift in Sources */,
				DC746D741F18E034004641CE /* Constants.swift in Sources */,
			);
			runOnlyForDeploymentPostprocessing = 0;
		};
/* End PBXSourcesBuildPhase section */

/* Begin PBXVariantGroup section */
		DC4F85271F10327F00A05586 /* Main.storyboard */ = {
			isa = PBXVariantGroup;
			children = (
				DC4F85281F10327F00A05586 /* Base */,
			);
			name = Main.storyboard;
			path = Cursometr;
			sourceTree = "<group>";
		};
		DC4F852F1F10327F00A05586 /* LaunchScreen.storyboard */ = {
			isa = PBXVariantGroup;
			children = (
				DC4F85301F10327F00A05586 /* Base */,
			);
			name = LaunchScreen.storyboard;
			sourceTree = "<group>";
		};
/* End PBXVariantGroup section */

/* Begin XCBuildConfiguration section */
		DC4F85331F10327F00A05586 /* Debug */ = {
			isa = XCBuildConfiguration;
			buildSettings = {
				ALWAYS_SEARCH_USER_PATHS = NO;
				CLANG_ANALYZER_NONNULL = YES;
				CLANG_ANALYZER_NUMBER_OBJECT_CONVERSION = YES_AGGRESSIVE;
				CLANG_CXX_LANGUAGE_STANDARD = "gnu++0x";
				CLANG_CXX_LIBRARY = "libc++";
				CLANG_ENABLE_MODULES = YES;
				CLANG_ENABLE_OBJC_ARC = YES;
				CLANG_WARN_BOOL_CONVERSION = YES;
				CLANG_WARN_CONSTANT_CONVERSION = YES;
				CLANG_WARN_DIRECT_OBJC_ISA_USAGE = YES_ERROR;
				CLANG_WARN_DOCUMENTATION_COMMENTS = YES;
				CLANG_WARN_EMPTY_BODY = YES;
				CLANG_WARN_ENUM_CONVERSION = YES;
				CLANG_WARN_INFINITE_RECURSION = YES;
				CLANG_WARN_INT_CONVERSION = YES;
				CLANG_WARN_OBJC_ROOT_CLASS = YES_ERROR;
				CLANG_WARN_SUSPICIOUS_MOVE = YES;
				CLANG_WARN_UNREACHABLE_CODE = YES;
				CLANG_WARN__DUPLICATE_METHOD_MATCH = YES;
				"CODE_SIGN_IDENTITY[sdk=iphoneos*]" = "iPhone Developer";
				COPY_PHASE_STRIP = NO;
				DEBUG_INFORMATION_FORMAT = dwarf;
				ENABLE_STRICT_OBJC_MSGSEND = YES;
				ENABLE_TESTABILITY = YES;
				GCC_C_LANGUAGE_STANDARD = gnu99;
				GCC_DYNAMIC_NO_PIC = NO;
				GCC_NO_COMMON_BLOCKS = YES;
				GCC_OPTIMIZATION_LEVEL = 0;
				GCC_PREPROCESSOR_DEFINITIONS = (
					"DEBUG=1",
					"$(inherited)",
				);
				GCC_WARN_64_TO_32_BIT_CONVERSION = YES;
				GCC_WARN_ABOUT_RETURN_TYPE = YES_ERROR;
				GCC_WARN_UNDECLARED_SELECTOR = YES;
				GCC_WARN_UNINITIALIZED_AUTOS = YES_AGGRESSIVE;
				GCC_WARN_UNUSED_FUNCTION = YES;
				GCC_WARN_UNUSED_VARIABLE = YES;
				IPHONEOS_DEPLOYMENT_TARGET = 10.3;
				MTL_ENABLE_DEBUG_INFO = YES;
				ONLY_ACTIVE_ARCH = YES;
				SDKROOT = iphoneos;
				SWIFT_ACTIVE_COMPILATION_CONDITIONS = DEBUG;
				SWIFT_OPTIMIZATION_LEVEL = "-Onone";
				TARGETED_DEVICE_FAMILY = "1,2";
			};
			name = Debug;
		};
		DC4F85341F10327F00A05586 /* Release */ = {
			isa = XCBuildConfiguration;
			buildSettings = {
				ALWAYS_SEARCH_USER_PATHS = NO;
				CLANG_ANALYZER_NONNULL = YES;
				CLANG_ANALYZER_NUMBER_OBJECT_CONVERSION = YES_AGGRESSIVE;
				CLANG_CXX_LANGUAGE_STANDARD = "gnu++0x";
				CLANG_CXX_LIBRARY = "libc++";
				CLANG_ENABLE_MODULES = YES;
				CLANG_ENABLE_OBJC_ARC = YES;
				CLANG_WARN_BOOL_CONVERSION = YES;
				CLANG_WARN_CONSTANT_CONVERSION = YES;
				CLANG_WARN_DIRECT_OBJC_ISA_USAGE = YES_ERROR;
				CLANG_WARN_DOCUMENTATION_COMMENTS = YES;
				CLANG_WARN_EMPTY_BODY = YES;
				CLANG_WARN_ENUM_CONVERSION = YES;
				CLANG_WARN_INFINITE_RECURSION = YES;
				CLANG_WARN_INT_CONVERSION = YES;
				CLANG_WARN_OBJC_ROOT_CLASS = YES_ERROR;
				CLANG_WARN_SUSPICIOUS_MOVE = YES;
				CLANG_WARN_UNREACHABLE_CODE = YES;
				CLANG_WARN__DUPLICATE_METHOD_MATCH = YES;
				"CODE_SIGN_IDENTITY[sdk=iphoneos*]" = "iPhone Developer";
				COPY_PHASE_STRIP = NO;
				DEBUG_INFORMATION_FORMAT = "dwarf-with-dsym";
				ENABLE_NS_ASSERTIONS = NO;
				ENABLE_STRICT_OBJC_MSGSEND = YES;
				GCC_C_LANGUAGE_STANDARD = gnu99;
				GCC_NO_COMMON_BLOCKS = YES;
				GCC_WARN_64_TO_32_BIT_CONVERSION = YES;
				GCC_WARN_ABOUT_RETURN_TYPE = YES_ERROR;
				GCC_WARN_UNDECLARED_SELECTOR = YES;
				GCC_WARN_UNINITIALIZED_AUTOS = YES_AGGRESSIVE;
				GCC_WARN_UNUSED_FUNCTION = YES;
				GCC_WARN_UNUSED_VARIABLE = YES;
				IPHONEOS_DEPLOYMENT_TARGET = 10.3;
				MTL_ENABLE_DEBUG_INFO = NO;
				SDKROOT = iphoneos;
				SWIFT_OPTIMIZATION_LEVEL = "-Owholemodule";
				TARGETED_DEVICE_FAMILY = "1,2";
				VALIDATE_PRODUCT = YES;
			};
			name = Release;
		};
		DC4F85361F10327F00A05586 /* Debug */ = {
			isa = XCBuildConfiguration;
			buildSettings = {
				ASSETCATALOG_COMPILER_APPICON_NAME = AppIcon;
				DEVELOPMENT_TEAM = RJA87JMM57;
				INFOPLIST_FILE = Cursometr/Info.plist;
				IPHONEOS_DEPLOYMENT_TARGET = 10.3;
				LD_RUNPATH_SEARCH_PATHS = "$(inherited) @executable_path/Frameworks";
				PRODUCT_BUNDLE_IDENTIFIER = com.BTK.Cursometr;
				PRODUCT_NAME = "$(TARGET_NAME)";
				SWIFT_VERSION = 3.0;
			};
			name = Debug;
		};
		DC4F85371F10327F00A05586 /* Release */ = {
			isa = XCBuildConfiguration;
			buildSettings = {
				ASSETCATALOG_COMPILER_APPICON_NAME = AppIcon;
				DEVELOPMENT_TEAM = RJA87JMM57;
				INFOPLIST_FILE = Cursometr/Info.plist;
				IPHONEOS_DEPLOYMENT_TARGET = 10.3;
				LD_RUNPATH_SEARCH_PATHS = "$(inherited) @executable_path/Frameworks";
				PRODUCT_BUNDLE_IDENTIFIER = com.BTK.Cursometr;
				PRODUCT_NAME = "$(TARGET_NAME)";
				SWIFT_VERSION = 3.0;
			};
			name = Release;
		};
/* End XCBuildConfiguration section */

/* Begin XCConfigurationList section */
		DC4F851B1F10327E00A05586 /* Build configuration list for PBXProject "Cursometr" */ = {
			isa = XCConfigurationList;
			buildConfigurations = (
				DC4F85331F10327F00A05586 /* Debug */,
				DC4F85341F10327F00A05586 /* Release */,
			);
			defaultConfigurationIsVisible = 0;
			defaultConfigurationName = Release;
		};
		DC4F85351F10327F00A05586 /* Build configuration list for PBXNativeTarget "Cursometr" */ = {
			isa = XCConfigurationList;
			buildConfigurations = (
				DC4F85361F10327F00A05586 /* Debug */,
				DC4F85371F10327F00A05586 /* Release */,
			);
			defaultConfigurationIsVisible = 0;
			defaultConfigurationName = Release;
		};
/* End XCConfigurationList section */

/* Begin XCVersionGroup section */
		DC4F852A1F10327F00A05586 /* Cursometr.xcdatamodeld */ = {
			isa = XCVersionGroup;
			children = (
				DC4F852B1F10327F00A05586 /* Cursometr.xcdatamodel */,
			);
			currentVersion = DC4F852B1F10327F00A05586 /* Cursometr.xcdatamodel */;
			path = Cursometr.xcdatamodeld;
			sourceTree = "<group>";
			versionGroupType = wrapper.xcdatamodel;
		};
/* End XCVersionGroup section */
	};
	rootObject = DC4F85181F10327E00A05586 /* Project object */;
}
