// !$*UTF8*$!
{
	archiveVersion = 1;
	classes = {
	};
	objectVersion = 46;
	objects = {

/* Begin PBXBuildFile section */
		DC4F85241F10327F00A05586 /* AppDelegate.swift in Sources */ = {isa = PBXBuildFile; fileRef = DC4F85231F10327F00A05586 /* AppDelegate.swift */; };
		DC4F85291F10327F00A05586 /* Main.storyboard in Resources */ = {isa = PBXBuildFile; fileRef = DC4F85271F10327F00A05586 /* Main.storyboard */; };
		DC4F852C1F10327F00A05586 /* Cursometr.xcdatamodeld in Sources */ = {isa = PBXBuildFile; fileRef = DC4F852A1F10327F00A05586 /* Cursometr.xcdatamodeld */; };
		DC4F85311F10327F00A05586 /* LaunchScreen.storyboard in Resources */ = {isa = PBXBuildFile; fileRef = DC4F852F1F10327F00A05586 /* LaunchScreen.storyboard */; };
		DC892BC51F17516200A7723E /* CustomCheckBox.swift in Sources */ = {isa = PBXBuildFile; fileRef = DC892BC41F17516200A7723E /* CustomCheckBox.swift */; };
		DC9D0B021F163444009C5CBE /* Price.swift in Sources */ = {isa = PBXBuildFile; fileRef = DC9D0B011F163444009C5CBE /* Price.swift */; };
		DC9D0B041F163677009C5CBE /* BankDetailsTableViewHeaderCell.swift in Sources */ = {isa = PBXBuildFile; fileRef = DC9D0B031F163677009C5CBE /* BankDetailsTableViewHeaderCell.swift */; };
		DC9FB9891F1561F900E1111E /* ChooseSubjectViewController.swift in Sources */ = {isa = PBXBuildFile; fileRef = DC9FB9881F1561F900E1111E /* ChooseSubjectViewController.swift */; };
		DC9FB98B1F15650A00E1111E /* FeedbackSubjectTableViewCell.swift in Sources */ = {isa = PBXBuildFile; fileRef = DC9FB98A1F15650A00E1111E /* FeedbackSubjectTableViewCell.swift */; };
		DCA2D51A1F12117600F44DA2 /* BankDetailsTableViewCell.swift in Sources */ = {isa = PBXBuildFile; fileRef = DCA2D5191F12117600F44DA2 /* BankDetailsTableViewCell.swift */; };
		DCA2D51C1F12182600F44DA2 /* BankDetailsTableViewController.swift in Sources */ = {isa = PBXBuildFile; fileRef = DCA2D51B1F12182600F44DA2 /* BankDetailsTableViewController.swift */; };
		DCAD9CB31F12CB770051D209 /* LeaveFeedbackViewController.swift in Sources */ = {isa = PBXBuildFile; fileRef = DCAD9CB21F12CB770051D209 /* LeaveFeedbackViewController.swift */; };
		DCAFEE421F115E7400263C7B /* Assets.xcassets in Resources */ = {isa = PBXBuildFile; fileRef = DCAFEE411F115E7400263C7B /* Assets.xcassets */; };
		DCBF4AB81F14ACC500A8AA8E /* Currency.swift in Sources */ = {isa = PBXBuildFile; fileRef = DCBF4AB71F14ACC500A8AA8E /* Currency.swift */; };
		DCBF4ABA1F14AE9100A8AA8E /* Exchange.swift in Sources */ = {isa = PBXBuildFile; fileRef = DCBF4AB91F14AE9100A8AA8E /* Exchange.swift */; };
		DCC183AB1F10D5CF009A6ABC /* ItemViewController.swift in Sources */ = {isa = PBXBuildFile; fileRef = DCC183AA1F10D5CF009A6ABC /* ItemViewController.swift */; };
		DCC183AD1F10D712009A6ABC /* ViewController.swift in Sources */ = {isa = PBXBuildFile; fileRef = DCC183AC1F10D712009A6ABC /* ViewController.swift */; };
		DCFD6A261F13EDEE00E8FACD /* BankDataDownloadService.swift in Sources */ = {isa = PBXBuildFile; fileRef = DCFD6A251F13EDEE00E8FACD /* BankDataDownloadService.swift */; };
/* End PBXBuildFile section */

/* Begin PBXFileReference section */
		DC4F85201F10327F00A05586 /* Cursometr.app */ = {isa = PBXFileReference; explicitFileType = wrapper.application; includeInIndex = 0; path = Cursometr.app; sourceTree = BUILT_PRODUCTS_DIR; };
		DC4F85231F10327F00A05586 /* AppDelegate.swift */ = {isa = PBXFileReference; lastKnownFileType = sourcecode.swift; path = AppDelegate.swift; sourceTree = "<group>"; };
		DC4F85281F10327F00A05586 /* Base */ = {isa = PBXFileReference; lastKnownFileType = file.storyboard; name = Base; path = Base.lproj/Main.storyboard; sourceTree = "<group>"; };
		DC4F852B1F10327F00A05586 /* Cursometr.xcdatamodel */ = {isa = PBXFileReference; lastKnownFileType = wrapper.xcdatamodel; path = Cursometr.xcdatamodel; sourceTree = "<group>"; };
		DC4F85301F10327F00A05586 /* Base */ = {isa = PBXFileReference; lastKnownFileType = file.storyboard; name = Base; path = Base.lproj/LaunchScreen.storyboard; sourceTree = "<group>"; };
		DC4F85321F10327F00A05586 /* Info.plist */ = {isa = PBXFileReference; lastKnownFileType = text.plist.xml; path = Info.plist; sourceTree = "<group>"; };
		DC892BC41F17516200A7723E /* CustomCheckBox.swift */ = {isa = PBXFileReference; fileEncoding = 4; lastKnownFileType = sourcecode.swift; path = CustomCheckBox.swift; sourceTree = "<group>"; };
		DC9D0B011F163444009C5CBE /* Price.swift */ = {isa = PBXFileReference; fileEncoding = 4; lastKnownFileType = sourcecode.swift; path = Price.swift; sourceTree = "<group>"; };
		DC9D0B031F163677009C5CBE /* BankDetailsTableViewHeaderCell.swift */ = {isa = PBXFileReference; fileEncoding = 4; lastKnownFileType = sourcecode.swift; path = BankDetailsTableViewHeaderCell.swift; sourceTree = "<group>"; };
		DC9FB9881F1561F900E1111E /* ChooseSubjectViewController.swift */ = {isa = PBXFileReference; fileEncoding = 4; lastKnownFileType = sourcecode.swift; path = ChooseSubjectViewController.swift; sourceTree = "<group>"; };
		DC9FB98A1F15650A00E1111E /* FeedbackSubjectTableViewCell.swift */ = {isa = PBXFileReference; fileEncoding = 4; lastKnownFileType = sourcecode.swift; path = FeedbackSubjectTableViewCell.swift; sourceTree = "<group>"; };
		DCA2D5191F12117600F44DA2 /* BankDetailsTableViewCell.swift */ = {isa = PBXFileReference; fileEncoding = 4; lastKnownFileType = sourcecode.swift; path = BankDetailsTableViewCell.swift; sourceTree = "<group>"; };
		DCA2D51B1F12182600F44DA2 /* BankDetailsTableViewController.swift */ = {isa = PBXFileReference; fileEncoding = 4; lastKnownFileType = sourcecode.swift; path = BankDetailsTableViewController.swift; sourceTree = "<group>"; };
		DCAD9CB21F12CB770051D209 /* LeaveFeedbackViewController.swift */ = {isa = PBXFileReference; fileEncoding = 4; lastKnownFileType = sourcecode.swift; path = LeaveFeedbackViewController.swift; sourceTree = "<group>"; };
		DCAFEE411F115E7400263C7B /* Assets.xcassets */ = {isa = PBXFileReference; lastKnownFileType = folder.assetcatalog; path = Assets.xcassets; sourceTree = "<group>"; };
		DCBF4AB71F14ACC500A8AA8E /* Currency.swift */ = {isa = PBXFileReference; fileEncoding = 4; lastKnownFileType = sourcecode.swift; path = Currency.swift; sourceTree = "<group>"; };
		DCBF4AB91F14AE9100A8AA8E /* Exchange.swift */ = {isa = PBXFileReference; fileEncoding = 4; lastKnownFileType = sourcecode.swift; path = Exchange.swift; sourceTree = "<group>"; };
		DCC183AA1F10D5CF009A6ABC /* ItemViewController.swift */ = {isa = PBXFileReference; fileEncoding = 4; lastKnownFileType = sourcecode.swift; path = ItemViewController.swift; sourceTree = "<group>"; };
		DCC183AC1F10D712009A6ABC /* ViewController.swift */ = {isa = PBXFileReference; fileEncoding = 4; lastKnownFileType = sourcecode.swift; path = ViewController.swift; sourceTree = "<group>"; };
		DCFD6A251F13EDEE00E8FACD /* BankDataDownloadService.swift */ = {isa = PBXFileReference; fileEncoding = 4; lastKnownFileType = sourcecode.swift; path = BankDataDownloadService.swift; sourceTree = "<group>"; };
/* End PBXFileReference section */

/* Begin PBXFrameworksBuildPhase section */
		DC4F851D1F10327F00A05586 /* Frameworks */ = {
			isa = PBXFrameworksBuildPhase;
			buildActionMask = 2147483647;
			files = (
			);
			runOnlyForDeploymentPostprocessing = 0;
		};
/* End PBXFrameworksBuildPhase section */

/* Begin PBXGroup section */
		DC4F85171F10327E00A05586 = {
			isa = PBXGroup;
			children = (
				DC4F85221F10327F00A05586 /* Cursometr */,
				DC4F85271F10327F00A05586 /* Main.storyboard */,
				DC4F85211F10327F00A05586 /* Products */,
			);
			sourceTree = "<group>";
		};
		DC4F85211F10327F00A05586 /* Products */ = {
			isa = PBXGroup;
			children = (
				DC4F85201F10327F00A05586 /* Cursometr.app */,
			);
			name = Products;
			sourceTree = "<group>";
		};
		DC4F85221F10327F00A05586 /* Cursometr */ = {
			isa = PBXGroup;
			children = (
				DCFD6A241F13EDAE00E8FACD /* Model */,
				DCAD9CB01F12C4150051D209 /* View */,
				DCAD9CAF1F12C36F0051D209 /* View controller */,
			);
			path = Cursometr;
			sourceTree = "<group>";
		};
		DCAD9CAF1F12C36F0051D209 /* View controller */ = {
			isa = PBXGroup;
			children = (
				DCC183AA1F10D5CF009A6ABC /* ItemViewController.swift */,
				DCC183AC1F10D712009A6ABC /* ViewController.swift */,
				DCA2D51B1F12182600F44DA2 /* BankDetailsTableViewController.swift */,
				DCAD9CB21F12CB770051D209 /* LeaveFeedbackViewController.swift */,
				DC9FB9881F1561F900E1111E /* ChooseSubjectViewController.swift */,
			);
			name = "View controller";
			sourceTree = "<group>";
		};
		DCAD9CB01F12C4150051D209 /* View */ = {
			isa = PBXGroup;
			children = (
				DCA2D5191F12117600F44DA2 /* BankDetailsTableViewCell.swift */,
				DC9FB98A1F15650A00E1111E /* FeedbackSubjectTableViewCell.swift */,
				DC9D0B031F163677009C5CBE /* BankDetailsTableViewHeaderCell.swift */,
				DC892BC41F17516200A7723E /* CustomCheckBox.swift */,
			);
			name = View;
			sourceTree = "<group>";
		};
		DCAD9CB11F12C4430051D209 /* Application */ = {
			isa = PBXGroup;
			children = (
				DCAFEE411F115E7400263C7B /* Assets.xcassets */,
				DC4F85231F10327F00A05586 /* AppDelegate.swift */,
				DC4F852F1F10327F00A05586 /* LaunchScreen.storyboard */,
				DC4F85321F10327F00A05586 /* Info.plist */,
				DC4F852A1F10327F00A05586 /* Cursometr.xcdatamodeld */,
			);
			name = Application;
			sourceTree = "<group>";
		};
		DCFD6A241F13EDAE00E8FACD /* Model */ = {
			isa = PBXGroup;
			children = (
				DCFD6A251F13EDEE00E8FACD /* BankDataDownloadService.swift */,
				DCBF4AB71F14ACC500A8AA8E /* Currency.swift */,
				DCBF4AB91F14AE9100A8AA8E /* Exchange.swift */,
				DC9D0B011F163444009C5CBE /* Price.swift */,
				DCAD9CB11F12C4430051D209 /* Application */,
			);
			name = Model;
			sourceTree = "<group>";
		};
/* End PBXGroup section */

/* Begin PBXNativeTarget section */
		DC4F851F1F10327F00A05586 /* Cursometr */ = {
			isa = PBXNativeTarget;
			buildConfigurationList = DC4F85351F10327F00A05586 /* Build configuration list for PBXNativeTarget "Cursometr" */;
			buildPhases = (
				DC4F851C1F10327F00A05586 /* Sources */,
				DC4F851D1F10327F00A05586 /* Frameworks */,
				DC4F851E1F10327F00A05586 /* Resources */,
			);
			buildRules = (
			);
			dependencies = (
			);
			name = Cursometr;
			productName = Cursometr;
			productReference = DC4F85201F10327F00A05586 /* Cursometr.app */;
			productType = "com.apple.product-type.application";
		};
/* End PBXNativeTarget section */

/* Begin PBXProject section */
		DC4F85181F10327E00A05586 /* Project object */ = {
			isa = PBXProject;
			attributes = {
				LastSwiftUpdateCheck = 0830;
				LastUpgradeCheck = 0830;
				ORGANIZATIONNAME = iMacAir;
				TargetAttributes = {
					DC4F851F1F10327F00A05586 = {
						CreatedOnToolsVersion = 8.3.3;
						DevelopmentTeam = RJA87JMM57;
						ProvisioningStyle = Automatic;
					};
				};
			};
			buildConfigurationList = DC4F851B1F10327E00A05586 /* Build configuration list for PBXProject "Cursometr" */;
			compatibilityVersion = "Xcode 3.2";
			developmentRegion = English;
			hasScannedForEncodings = 0;
			knownRegions = (
				en,
				Base,
			);
			mainGroup = DC4F85171F10327E00A05586;
			productRefGroup = DC4F85211F10327F00A05586 /* Products */;
			projectDirPath = "";
			projectRoot = "";
			targets = (
				DC4F851F1F10327F00A05586 /* Cursometr */,
			);
		};
/* End PBXProject section */

/* Begin PBXResourcesBuildPhase section */
		DC4F851E1F10327F00A05586 /* Resources */ = {
			isa = PBXResourcesBuildPhase;
			buildActionMask = 2147483647;
			files = (
				DC4F85311F10327F00A05586 /* LaunchScreen.storyboard in Resources */,
				DCAFEE421F115E7400263C7B /* Assets.xcassets in Resources */,
				DC4F85291F10327F00A05586 /* Main.storyboard in Resources */,
			);
			runOnlyForDeploymentPostprocessing = 0;
		};
/* End PBXResourcesBuildPhase section */

/* Begin PBXSourcesBuildPhase section */
		DC4F851C1F10327F00A05586 /* Sources */ = {
			isa = PBXSourcesBuildPhase;
			buildActionMask = 2147483647;
			files = (
				DCBF4AB81F14ACC500A8AA8E /* Currency.swift in Sources */,
				DCA2D51C1F12182600F44DA2 /* BankDetailsTableViewController.swift in Sources */,
				DC4F852C1F10327F00A05586 /* Cursometr.xcdatamodeld in Sources */,
				DCC183AB1F10D5CF009A6ABC /* ItemViewController.swift in Sources */,
				DCAD9CB31F12CB770051D209 /* LeaveFeedbackViewController.swift in Sources */,
				DC9D0B041F163677009C5CBE /* BankDetailsTableViewHeaderCell.swift in Sources */,
				DC9FB98B1F15650A00E1111E /* FeedbackSubjectTableViewCell.swift in Sources */,
				DCA2D51A1F12117600F44DA2 /* BankDetailsTableViewCell.swift in Sources */,
				DC9FB9891F1561F900E1111E /* ChooseSubjectViewController.swift in Sources */,
				DC9D0B021F163444009C5CBE /* Price.swift in Sources */,
				DCC183AD1F10D712009A6ABC /* ViewController.swift in Sources */,
				DC892BC51F17516200A7723E /* CustomCheckBox.swift in Sources */,
				DC4F85241F10327F00A05586 /* AppDelegate.swift in Sources */,
				DCBF4ABA1F14AE9100A8AA8E /* Exchange.swift in Sources */,
				DCFD6A261F13EDEE00E8FACD /* BankDataDownloadService.swift in Sources */,
			);
			runOnlyForDeploymentPostprocessing = 0;
		};
/* End PBXSourcesBuildPhase section */

/* Begin PBXVariantGroup section */
		DC4F85271F10327F00A05586 /* Main.storyboard */ = {
			isa = PBXVariantGroup;
			children = (
				DC4F85281F10327F00A05586 /* Base */,
			);
			name = Main.storyboard;
			path = Cursometr;
			sourceTree = "<group>";
		};
		DC4F852F1F10327F00A05586 /* LaunchScreen.storyboard */ = {
			isa = PBXVariantGroup;
			children = (
				DC4F85301F10327F00A05586 /* Base */,
			);
			name = LaunchScreen.storyboard;
			sourceTree = "<group>";
		};
/* End PBXVariantGroup section */

/* Begin XCBuildConfiguration section */
		DC4F85331F10327F00A05586 /* Debug */ = {
			isa = XCBuildConfiguration;
			buildSettings = {
				ALWAYS_SEARCH_USER_PATHS = NO;
				CLANG_ANALYZER_NONNULL = YES;
				CLANG_ANALYZER_NUMBER_OBJECT_CONVERSION = YES_AGGRESSIVE;
				CLANG_CXX_LANGUAGE_STANDARD = "gnu++0x";
				CLANG_CXX_LIBRARY = "libc++";
				CLANG_ENABLE_MODULES = YES;
				CLANG_ENABLE_OBJC_ARC = YES;
				CLANG_WARN_BOOL_CONVERSION = YES;
				CLANG_WARN_CONSTANT_CONVERSION = YES;
				CLANG_WARN_DIRECT_OBJC_ISA_USAGE = YES_ERROR;
				CLANG_WARN_DOCUMENTATION_COMMENTS = YES;
				CLANG_WARN_EMPTY_BODY = YES;
				CLANG_WARN_ENUM_CONVERSION = YES;
				CLANG_WARN_INFINITE_RECURSION = YES;
				CLANG_WARN_INT_CONVERSION = YES;
				CLANG_WARN_OBJC_ROOT_CLASS = YES_ERROR;
				CLANG_WARN_SUSPICIOUS_MOVE = YES;
				CLANG_WARN_UNREACHABLE_CODE = YES;
				CLANG_WARN__DUPLICATE_METHOD_MATCH = YES;
				"CODE_SIGN_IDENTITY[sdk=iphoneos*]" = "iPhone Developer";
				COPY_PHASE_STRIP = NO;
				DEBUG_INFORMATION_FORMAT = dwarf;
				ENABLE_STRICT_OBJC_MSGSEND = YES;
				ENABLE_TESTABILITY = YES;
				GCC_C_LANGUAGE_STANDARD = gnu99;
				GCC_DYNAMIC_NO_PIC = NO;
				GCC_NO_COMMON_BLOCKS = YES;
				GCC_OPTIMIZATION_LEVEL = 0;
				GCC_PREPROCESSOR_DEFINITIONS = (
					"DEBUG=1",
					"$(inherited)",
				);
				GCC_WARN_64_TO_32_BIT_CONVERSION = YES;
				GCC_WARN_ABOUT_RETURN_TYPE = YES_ERROR;
				GCC_WARN_UNDECLARED_SELECTOR = YES;
				GCC_WARN_UNINITIALIZED_AUTOS = YES_AGGRESSIVE;
				GCC_WARN_UNUSED_FUNCTION = YES;
				GCC_WARN_UNUSED_VARIABLE = YES;
				IPHONEOS_DEPLOYMENT_TARGET = 10.3;
				MTL_ENABLE_DEBUG_INFO = YES;
				ONLY_ACTIVE_ARCH = YES;
				SDKROOT = iphoneos;
				SWIFT_ACTIVE_COMPILATION_CONDITIONS = DEBUG;
				SWIFT_OPTIMIZATION_LEVEL = "-Onone";
				TARGETED_DEVICE_FAMILY = "1,2";
			};
			name = Debug;
		};
		DC4F85341F10327F00A05586 /* Release */ = {
			isa = XCBuildConfiguration;
			buildSettings = {
				ALWAYS_SEARCH_USER_PATHS = NO;
				CLANG_ANALYZER_NONNULL = YES;
				CLANG_ANALYZER_NUMBER_OBJECT_CONVERSION = YES_AGGRESSIVE;
				CLANG_CXX_LANGUAGE_STANDARD = "gnu++0x";
				CLANG_CXX_LIBRARY = "libc++";
				CLANG_ENABLE_MODULES = YES;
				CLANG_ENABLE_OBJC_ARC = YES;
				CLANG_WARN_BOOL_CONVERSION = YES;
				CLANG_WARN_CONSTANT_CONVERSION = YES;
				CLANG_WARN_DIRECT_OBJC_ISA_USAGE = YES_ERROR;
				CLANG_WARN_DOCUMENTATION_COMMENTS = YES;
				CLANG_WARN_EMPTY_BODY = YES;
				CLANG_WARN_ENUM_CONVERSION = YES;
				CLANG_WARN_INFINITE_RECURSION = YES;
				CLANG_WARN_INT_CONVERSION = YES;
				CLANG_WARN_OBJC_ROOT_CLASS = YES_ERROR;
				CLANG_WARN_SUSPICIOUS_MOVE = YES;
				CLANG_WARN_UNREACHABLE_CODE = YES;
				CLANG_WARN__DUPLICATE_METHOD_MATCH = YES;
				"CODE_SIGN_IDENTITY[sdk=iphoneos*]" = "iPhone Developer";
				COPY_PHASE_STRIP = NO;
				DEBUG_INFORMATION_FORMAT = "dwarf-with-dsym";
				ENABLE_NS_ASSERTIONS = NO;
				ENABLE_STRICT_OBJC_MSGSEND = YES;
				GCC_C_LANGUAGE_STANDARD = gnu99;
				GCC_NO_COMMON_BLOCKS = YES;
				GCC_WARN_64_TO_32_BIT_CONVERSION = YES;
				GCC_WARN_ABOUT_RETURN_TYPE = YES_ERROR;
				GCC_WARN_UNDECLARED_SELECTOR = YES;
				GCC_WARN_UNINITIALIZED_AUTOS = YES_AGGRESSIVE;
				GCC_WARN_UNUSED_FUNCTION = YES;
				GCC_WARN_UNUSED_VARIABLE = YES;
				IPHONEOS_DEPLOYMENT_TARGET = 10.3;
				MTL_ENABLE_DEBUG_INFO = NO;
				SDKROOT = iphoneos;
				SWIFT_OPTIMIZATION_LEVEL = "-Owholemodule";
				TARGETED_DEVICE_FAMILY = "1,2";
				VALIDATE_PRODUCT = YES;
			};
			name = Release;
		};
		DC4F85361F10327F00A05586 /* Debug */ = {
			isa = XCBuildConfiguration;
			buildSettings = {
				ASSETCATALOG_COMPILER_APPICON_NAME = AppIcon;
				DEVELOPMENT_TEAM = RJA87JMM57;
				INFOPLIST_FILE = Cursometr/Info.plist;
				IPHONEOS_DEPLOYMENT_TARGET = 10.3;
				LD_RUNPATH_SEARCH_PATHS = "$(inherited) @executable_path/Frameworks";
				PRODUCT_BUNDLE_IDENTIFIER = com.BTK.Cursometr;
				PRODUCT_NAME = "$(TARGET_NAME)";
				SWIFT_VERSION = 3.0;
			};
			name = Debug;
		};
		DC4F85371F10327F00A05586 /* Release */ = {
			isa = XCBuildConfiguration;
			buildSettings = {
				ASSETCATALOG_COMPILER_APPICON_NAME = AppIcon;
				DEVELOPMENT_TEAM = RJA87JMM57;
				INFOPLIST_FILE = Cursometr/Info.plist;
				IPHONEOS_DEPLOYMENT_TARGET = 10.3;
				LD_RUNPATH_SEARCH_PATHS = "$(inherited) @executable_path/Frameworks";
				PRODUCT_BUNDLE_IDENTIFIER = com.BTK.Cursometr;
				PRODUCT_NAME = "$(TARGET_NAME)";
				SWIFT_VERSION = 3.0;
			};
			name = Release;
		};
/* End XCBuildConfiguration section */

/* Begin XCConfigurationList section */
		DC4F851B1F10327E00A05586 /* Build configuration list for PBXProject "Cursometr" */ = {
			isa = XCConfigurationList;
			buildConfigurations = (
				DC4F85331F10327F00A05586 /* Debug */,
				DC4F85341F10327F00A05586 /* Release */,
			);
			defaultConfigurationIsVisible = 0;
			defaultConfigurationName = Release;
		};
		DC4F85351F10327F00A05586 /* Build configuration list for PBXNativeTarget "Cursometr" */ = {
			isa = XCConfigurationList;
			buildConfigurations = (
				DC4F85361F10327F00A05586 /* Debug */,
				DC4F85371F10327F00A05586 /* Release */,
			);
			defaultConfigurationIsVisible = 0;
			defaultConfigurationName = Release;
		};
/* End XCConfigurationList section */

/* Begin XCVersionGroup section */
		DC4F852A1F10327F00A05586 /* Cursometr.xcdatamodeld */ = {
			isa = XCVersionGroup;
			children = (
				DC4F852B1F10327F00A05586 /* Cursometr.xcdatamodel */,
			);
			currentVersion = DC4F852B1F10327F00A05586 /* Cursometr.xcdatamodel */;
			path = Cursometr.xcdatamodeld;
			sourceTree = "<group>";
			versionGroupType = wrapper.xcdatamodel;
		};
/* End XCVersionGroup section */
	};
	rootObject = DC4F85181F10327E00A05586 /* Project object */;
}
